
Microsoft Visual Studio Solution File, Format Version 12.00
# Visual Studio 15
VisualStudioVersion = 15.0.27130.2010
MinimumVisualStudioVersion = 10.0.40219.1
Project("{FAE04EC0-301F-11D3-BF4B-00C04F79EFBC}") = "SharePointFolderCreation", "SharePointFolderCreation\SharePointFolderCreation.csproj", "{0B3D0FDE-041A-4B0E-BF3D-655A850BD5EF}"
EndProject
Global
	GlobalSection(SolutionConfigurationPlatforms) = preSolution
		Debug|Any CPU = Debug|Any CPU
		Release|Any CPU = Release|Any CPU
	EndGlobalSection
	GlobalSection(ProjectConfigurationPlatforms) = postSolution
		{0B3D0FDE-041A-4B0E-BF3D-655A850BD5EF}.Debug|Any CPU.ActiveCfg = Debug|Any CPU
		{0B3D0FDE-041A-4B0E-BF3D-655A850BD5EF}.Debug|Any CPU.Build.0 = Debug|Any CPU
		{0B3D0FDE-041A-4B0E-BF3D-655A850BD5EF}.Release|Any CPU.ActiveCfg = Release|Any CPU
		{0B3D0FDE-041A-4B0E-BF3D-655A850BD5EF}.Release|Any CPU.Build.0 = Release|Any CPU
	EndGlobalSection
	GlobalSection(SolutionProperties) = preSolution
		HideSolutionNode = FALSE
	EndGlobalSection
	GlobalSection(ExtensibilityGlobals) = postSolution
		SolutionGuid = {3C7D8AE0-C76F-4ECD-9208-1F8E85C8C0BD}
	EndGlobalSection
EndGlobal
